
Microsoft Visual Studio Solution File, Format Version 12.00
# Visual Studio Version 17
VisualStudioVersion = 17.0.31903.59
MinimumVisualStudioVersion = 10.0.40219.1
Project("{9A19103F-16F7-4668-BE54-9A1E7A4F7556}") = "Simulatore", "Simulatore\Simulatore.csproj", "{70593568-1AC6-443C-9209-1CFE73DEC8F8}"
EndProject
Project("{9A19103F-16F7-4668-BE54-9A1E7A4F7556}") = "Models", "Models\Models.csproj", "{0E160991-8ED8-4CB5-9B18-9D5C82434254}"
EndProject
Project("{9A19103F-16F7-4668-BE54-9A1E7A4F7556}") = "Services", "Library\Services.csproj", "{351EBE65-5DD1-4183-B6A2-F6844B8D2BDC}"
EndProject
Project("{FAE04EC0-301F-11D3-BF4B-00C04F79EFBC}") = "QueueReceiver", "QueueReceiver\QueueReceiver.csproj", "{2325D78D-63DB-4AE4-B24B-530FCAFEC498}"
EndProject
Global
	GlobalSection(SolutionConfigurationPlatforms) = preSolution
		Debug|Any CPU = Debug|Any CPU
		Release|Any CPU = Release|Any CPU
	EndGlobalSection
	GlobalSection(ProjectConfigurationPlatforms) = postSolution
		{70593568-1AC6-443C-9209-1CFE73DEC8F8}.Debug|Any CPU.ActiveCfg = Debug|Any CPU
		{70593568-1AC6-443C-9209-1CFE73DEC8F8}.Debug|Any CPU.Build.0 = Debug|Any CPU
		{70593568-1AC6-443C-9209-1CFE73DEC8F8}.Release|Any CPU.ActiveCfg = Release|Any CPU
		{70593568-1AC6-443C-9209-1CFE73DEC8F8}.Release|Any CPU.Build.0 = Release|Any CPU
		{0E160991-8ED8-4CB5-9B18-9D5C82434254}.Debug|Any CPU.ActiveCfg = Debug|Any CPU
		{0E160991-8ED8-4CB5-9B18-9D5C82434254}.Debug|Any CPU.Build.0 = Debug|Any CPU
		{0E160991-8ED8-4CB5-9B18-9D5C82434254}.Release|Any CPU.ActiveCfg = Release|Any CPU
		{0E160991-8ED8-4CB5-9B18-9D5C82434254}.Release|Any CPU.Build.0 = Release|Any CPU
		{351EBE65-5DD1-4183-B6A2-F6844B8D2BDC}.Debug|Any CPU.ActiveCfg = Debug|Any CPU
		{351EBE65-5DD1-4183-B6A2-F6844B8D2BDC}.Debug|Any CPU.Build.0 = Debug|Any CPU
		{351EBE65-5DD1-4183-B6A2-F6844B8D2BDC}.Release|Any CPU.ActiveCfg = Release|Any CPU
		{351EBE65-5DD1-4183-B6A2-F6844B8D2BDC}.Release|Any CPU.Build.0 = Release|Any CPU
		{2325D78D-63DB-4AE4-B24B-530FCAFEC498}.Debug|Any CPU.ActiveCfg = Debug|Any CPU
		{2325D78D-63DB-4AE4-B24B-530FCAFEC498}.Debug|Any CPU.Build.0 = Debug|Any CPU
		{2325D78D-63DB-4AE4-B24B-530FCAFEC498}.Release|Any CPU.ActiveCfg = Release|Any CPU
		{2325D78D-63DB-4AE4-B24B-530FCAFEC498}.Release|Any CPU.Build.0 = Release|Any CPU
	EndGlobalSection
	GlobalSection(SolutionProperties) = preSolution
		HideSolutionNode = FALSE
	EndGlobalSection
	GlobalSection(ExtensibilityGlobals) = postSolution
		SolutionGuid = {96A3A594-0E0E-4211-B238-253852892BB9}
	EndGlobalSection
EndGlobal
